
Microsoft Visual Studio Solution File, Format Version 12.00
# Visual Studio Version 17
VisualStudioVersion = 17.2.32602.215
MinimumVisualStudioVersion = 10.0.40219.1
Project("{9A19103F-16F7-4668-BE54-9A1E7A4F7556}") = "NovaLite.Todo.Api", "NovaLite.Todo.Api\NovaLite.Todo.Api.csproj", "{7707161B-66C5-49C3-BCCB-019A9CEEBC20}"
EndProject
Project("{9A19103F-16F7-4668-BE54-9A1E7A4F7556}") = "NovaLite.Todo.Reminder", "NovaLite.Todo.Reminder\NovaLite.Todo.Reminder.csproj", "{A54A1895-AABB-416A-962A-7A9B5ECBBEAE}"
EndProject
Project("{9A19103F-16F7-4668-BE54-9A1E7A4F7556}") = "NovaLite.Todo.Core", "NovaLite.Todo.Core\NovaLite.Todo.Core.csproj", "{2CCDD89F-C5C1-4A83-A0B7-133D0D03C5BB}"
EndProject
Project("{FAE04EC0-301F-11D3-BF4B-00C04F79EFBC}") = "Novalite.Todo.Testing", "Novalite.Todo.Testing\Novalite.Todo.Testing.csproj", "{B629646D-FE6E-4E72-AA3D-20CDEEC08070}"
EndProject
Global
	GlobalSection(SolutionConfigurationPlatforms) = preSolution
		Debug|Any CPU = Debug|Any CPU
		Release|Any CPU = Release|Any CPU
	EndGlobalSection
	GlobalSection(ProjectConfigurationPlatforms) = postSolution
		{7707161B-66C5-49C3-BCCB-019A9CEEBC20}.Debug|Any CPU.ActiveCfg = Debug|Any CPU
		{7707161B-66C5-49C3-BCCB-019A9CEEBC20}.Debug|Any CPU.Build.0 = Debug|Any CPU
		{7707161B-66C5-49C3-BCCB-019A9CEEBC20}.Release|Any CPU.ActiveCfg = Release|Any CPU
		{7707161B-66C5-49C3-BCCB-019A9CEEBC20}.Release|Any CPU.Build.0 = Release|Any CPU
		{A54A1895-AABB-416A-962A-7A9B5ECBBEAE}.Debug|Any CPU.ActiveCfg = Debug|Any CPU
		{A54A1895-AABB-416A-962A-7A9B5ECBBEAE}.Debug|Any CPU.Build.0 = Debug|Any CPU
		{A54A1895-AABB-416A-962A-7A9B5ECBBEAE}.Release|Any CPU.ActiveCfg = Release|Any CPU
		{A54A1895-AABB-416A-962A-7A9B5ECBBEAE}.Release|Any CPU.Build.0 = Release|Any CPU
		{2CCDD89F-C5C1-4A83-A0B7-133D0D03C5BB}.Debug|Any CPU.ActiveCfg = Debug|Any CPU
		{2CCDD89F-C5C1-4A83-A0B7-133D0D03C5BB}.Debug|Any CPU.Build.0 = Debug|Any CPU
		{2CCDD89F-C5C1-4A83-A0B7-133D0D03C5BB}.Release|Any CPU.ActiveCfg = Release|Any CPU
		{2CCDD89F-C5C1-4A83-A0B7-133D0D03C5BB}.Release|Any CPU.Build.0 = Release|Any CPU
		{B629646D-FE6E-4E72-AA3D-20CDEEC08070}.Debug|Any CPU.ActiveCfg = Debug|Any CPU
		{B629646D-FE6E-4E72-AA3D-20CDEEC08070}.Debug|Any CPU.Build.0 = Debug|Any CPU
		{B629646D-FE6E-4E72-AA3D-20CDEEC08070}.Release|Any CPU.ActiveCfg = Release|Any CPU
		{B629646D-FE6E-4E72-AA3D-20CDEEC08070}.Release|Any CPU.Build.0 = Release|Any CPU
	EndGlobalSection
	GlobalSection(SolutionProperties) = preSolution
		HideSolutionNode = FALSE
	EndGlobalSection
	GlobalSection(ExtensibilityGlobals) = postSolution
		SolutionGuid = {DC6266A3-9B9D-4950-B217-F52360EE6FC9}
	EndGlobalSection
EndGlobal
